
Microsoft Visual Studio Solution File, Format Version 12.00
# Visual Studio Version 16
VisualStudioVersion = 16.0.30309.148
MinimumVisualStudioVersion = 10.0.40219.1
Project("{9A19103F-16F7-4668-BE54-9A1E7A4F7556}") = "app", "app\app.csproj", "{04846975-3948-4CEA-8D9F-7C865008BBCF}"
EndProject
Project("{2150E333-8FDC-42A3-9474-1A3956D46DE8}") = "Solution Items", "Solution Items", "{D4656200-E1D8-4150-80CC-2B1E3BD31E76}"
	ProjectSection(SolutionItems) = preProject
		.gitignore = .gitignore
		.platform = .platform
		build.sh = build.sh
		LICENSE = LICENSE
		README = README
		run.sh = run.sh
	EndProjectSection
EndProject
Project("{9A19103F-16F7-4668-BE54-9A1E7A4F7556}") = "Tests", "Tests\Tests.csproj", "{83B27C51-41D9-4859-8ED0-3272BA5F4A7D}"
EndProject
Project("{FAE04EC0-301F-11D3-BF4B-00C04F79EFBC}") = "ui", "ui\ui.csproj", "{18D9BC60-D5B0-4A76-A93D-7F06C0BFB784}"
EndProject
Global
	GlobalSection(SolutionConfigurationPlatforms) = preSolution
		Debug|Any CPU = Debug|Any CPU
		Release|Any CPU = Release|Any CPU
	EndGlobalSection
	GlobalSection(ProjectConfigurationPlatforms) = postSolution
		{04846975-3948-4CEA-8D9F-7C865008BBCF}.Debug|Any CPU.ActiveCfg = Debug|Any CPU
		{04846975-3948-4CEA-8D9F-7C865008BBCF}.Debug|Any CPU.Build.0 = Debug|Any CPU
		{04846975-3948-4CEA-8D9F-7C865008BBCF}.Release|Any CPU.ActiveCfg = Release|Any CPU
		{04846975-3948-4CEA-8D9F-7C865008BBCF}.Release|Any CPU.Build.0 = Release|Any CPU
		{83B27C51-41D9-4859-8ED0-3272BA5F4A7D}.Debug|Any CPU.ActiveCfg = Debug|Any CPU
		{83B27C51-41D9-4859-8ED0-3272BA5F4A7D}.Debug|Any CPU.Build.0 = Debug|Any CPU
		{83B27C51-41D9-4859-8ED0-3272BA5F4A7D}.Release|Any CPU.ActiveCfg = Release|Any CPU
		{83B27C51-41D9-4859-8ED0-3272BA5F4A7D}.Release|Any CPU.Build.0 = Release|Any CPU
		{18D9BC60-D5B0-4A76-A93D-7F06C0BFB784}.Debug|Any CPU.ActiveCfg = Debug|Any CPU
		{18D9BC60-D5B0-4A76-A93D-7F06C0BFB784}.Debug|Any CPU.Build.0 = Debug|Any CPU
		{18D9BC60-D5B0-4A76-A93D-7F06C0BFB784}.Release|Any CPU.ActiveCfg = Release|Any CPU
		{18D9BC60-D5B0-4A76-A93D-7F06C0BFB784}.Release|Any CPU.Build.0 = Release|Any CPU
	EndGlobalSection
	GlobalSection(SolutionProperties) = preSolution
		HideSolutionNode = FALSE
	EndGlobalSection
	GlobalSection(ExtensibilityGlobals) = postSolution
		SolutionGuid = {B276E3EB-15CB-4706-ABD0-D6E44C8CEFD2}
	EndGlobalSection
EndGlobal
